// !$*UTF8*$!
{
	archiveVersion = 1;
	classes = {
	};
	objectVersion = 50;
	objects = {

/* Begin PBXBuildFile section */
		A30D55A8236FD8AF00BFEB19 /* AppDelegate.swift in Sources */ = {isa = PBXBuildFile; fileRef = A30D55A7236FD8AF00BFEB19 /* AppDelegate.swift */; };
		A30D55AA236FD8AF00BFEB19 /* SceneDelegate.swift in Sources */ = {isa = PBXBuildFile; fileRef = A30D55A9236FD8AF00BFEB19 /* SceneDelegate.swift */; };
		A30D55AC236FD8AF00BFEB19 /* ViewController.swift in Sources */ = {isa = PBXBuildFile; fileRef = A30D55AB236FD8AF00BFEB19 /* ViewController.swift */; };
		A30D55AF236FD8AF00BFEB19 /* Main.storyboard in Resources */ = {isa = PBXBuildFile; fileRef = A30D55AD236FD8AF00BFEB19 /* Main.storyboard */; };
		A30D55B1236FD8B000BFEB19 /* Assets.xcassets in Resources */ = {isa = PBXBuildFile; fileRef = A30D55B0236FD8B000BFEB19 /* Assets.xcassets */; };
		A30D55B4236FD8B000BFEB19 /* LaunchScreen.storyboard in Resources */ = {isa = PBXBuildFile; fileRef = A30D55B2236FD8B000BFEB19 /* LaunchScreen.storyboard */; };
		A30D55BF236FD8B000BFEB19 /* MFallingWordsTests.swift in Sources */ = {isa = PBXBuildFile; fileRef = A30D55BE236FD8B000BFEB19 /* MFallingWordsTests.swift */; };
		A30D55CA236FD8B000BFEB19 /* MFallingWordsUITests.swift in Sources */ = {isa = PBXBuildFile; fileRef = A30D55C9236FD8B000BFEB19 /* MFallingWordsUITests.swift */; };
/* End PBXBuildFile section */

/* Begin PBXContainerItemProxy section */
		A30D55BB236FD8B000BFEB19 /* PBXContainerItemProxy */ = {
			isa = PBXContainerItemProxy;
			containerPortal = A30D559C236FD8AF00BFEB19 /* Project object */;
			proxyType = 1;
			remoteGlobalIDString = A30D55A3236FD8AF00BFEB19;
			remoteInfo = MFallingWords;
		};
		A30D55C6236FD8B000BFEB19 /* PBXContainerItemProxy */ = {
			isa = PBXContainerItemProxy;
			containerPortal = A30D559C236FD8AF00BFEB19 /* Project object */;
			proxyType = 1;
			remoteGlobalIDString = A30D55A3236FD8AF00BFEB19;
			remoteInfo = MFallingWords;
		};
/* End PBXContainerItemProxy section */

/* Begin PBXFileReference section */
		A30D55A4236FD8AF00BFEB19 /* MFallingWords.app */ = {isa = PBXFileReference; explicitFileType = wrapper.application; includeInIndex = 0; path = MFallingWords.app; sourceTree = BUILT_PRODUCTS_DIR; };
		A30D55A7236FD8AF00BFEB19 /* AppDelegate.swift */ = {isa = PBXFileReference; lastKnownFileType = sourcecode.swift; path = AppDelegate.swift; sourceTree = "<group>"; };
		A30D55A9236FD8AF00BFEB19 /* SceneDelegate.swift */ = {isa = PBXFileReference; lastKnownFileType = sourcecode.swift; path = SceneDelegate.swift; sourceTree = "<group>"; };
		A30D55AB236FD8AF00BFEB19 /* ViewController.swift */ = {isa = PBXFileReference; lastKnownFileType = sourcecode.swift; path = ViewController.swift; sourceTree = "<group>"; };
		A30D55AE236FD8AF00BFEB19 /* Base */ = {isa = PBXFileReference; lastKnownFileType = file.storyboard; name = Base; path = Base.lproj/Main.storyboard; sourceTree = "<group>"; };
		A30D55B0236FD8B000BFEB19 /* Assets.xcassets */ = {isa = PBXFileReference; lastKnownFileType = folder.assetcatalog; path = Assets.xcassets; sourceTree = "<group>"; };
		A30D55B3236FD8B000BFEB19 /* Base */ = {isa = PBXFileReference; lastKnownFileType = file.storyboard; name = Base; path = Base.lproj/LaunchScreen.storyboard; sourceTree = "<group>"; };
		A30D55B5236FD8B000BFEB19 /* Info.plist */ = {isa = PBXFileReference; lastKnownFileType = text.plist.xml; path = Info.plist; sourceTree = "<group>"; };
		A30D55BA236FD8B000BFEB19 /* MFallingWordsTests.xctest */ = {isa = PBXFileReference; explicitFileType = wrapper.cfbundle; includeInIndex = 0; path = MFallingWordsTests.xctest; sourceTree = BUILT_PRODUCTS_DIR; };
		A30D55BE236FD8B000BFEB19 /* MFallingWordsTests.swift */ = {isa = PBXFileReference; lastKnownFileType = sourcecode.swift; path = MFallingWordsTests.swift; sourceTree = "<group>"; };
		A30D55C0236FD8B000BFEB19 /* Info.plist */ = {isa = PBXFileReference; lastKnownFileType = text.plist.xml; path = Info.plist; sourceTree = "<group>"; };
		A30D55C5236FD8B000BFEB19 /* MFallingWordsUITests.xctest */ = {isa = PBXFileReference; explicitFileType = wrapper.cfbundle; includeInIndex = 0; path = MFallingWordsUITests.xctest; sourceTree = BUILT_PRODUCTS_DIR; };
		A30D55C9236FD8B000BFEB19 /* MFallingWordsUITests.swift */ = {isa = PBXFileReference; lastKnownFileType = sourcecode.swift; path = MFallingWordsUITests.swift; sourceTree = "<group>"; };
		A30D55CB236FD8B000BFEB19 /* Info.plist */ = {isa = PBXFileReference; lastKnownFileType = text.plist.xml; path = Info.plist; sourceTree = "<group>"; };
/* End PBXFileReference section */

/* Begin PBXFrameworksBuildPhase section */
		A30D55A1236FD8AF00BFEB19 /* Frameworks */ = {
			isa = PBXFrameworksBuildPhase;
			buildActionMask = 2147483647;
			files = (
			);
			runOnlyForDeploymentPostprocessing = 0;
		};
		A30D55B7236FD8B000BFEB19 /* Frameworks */ = {
			isa = PBXFrameworksBuildPhase;
			buildActionMask = 2147483647;
			files = (
			);
			runOnlyForDeploymentPostprocessing = 0;
		};
		A30D55C2236FD8B000BFEB19 /* Frameworks */ = {
			isa = PBXFrameworksBuildPhase;
			buildActionMask = 2147483647;
			files = (
			);
			runOnlyForDeploymentPostprocessing = 0;
		};
/* End PBXFrameworksBuildPhase section */

/* Begin PBXGroup section */
		A30D559B236FD8AF00BFEB19 = {
			isa = PBXGroup;
			children = (
				A30D55A6236FD8AF00BFEB19 /* MFallingWords */,
				A30D55BD236FD8B000BFEB19 /* MFallingWordsTests */,
				A30D55C8236FD8B000BFEB19 /* MFallingWordsUITests */,
				A30D55A5236FD8AF00BFEB19 /* Products */,
			);
			sourceTree = "<group>";
		};
		A30D55A5236FD8AF00BFEB19 /* Products */ = {
			isa = PBXGroup;
			children = (
				A30D55A4236FD8AF00BFEB19 /* MFallingWords.app */,
				A30D55BA236FD8B000BFEB19 /* MFallingWordsTests.xctest */,
				A30D55C5236FD8B000BFEB19 /* MFallingWordsUITests.xctest */,
			);
			name = Products;
			sourceTree = "<group>";
		};
		A30D55A6236FD8AF00BFEB19 /* MFallingWords */ = {
			isa = PBXGroup;
			children = (
				A30D55A7236FD8AF00BFEB19 /* AppDelegate.swift */,
				A30D55A9236FD8AF00BFEB19 /* SceneDelegate.swift */,
				A30D55AB236FD8AF00BFEB19 /* ViewController.swift */,
				A30D55AD236FD8AF00BFEB19 /* Main.storyboard */,
				A30D55B0236FD8B000BFEB19 /* Assets.xcassets */,
				A30D55B2236FD8B000BFEB19 /* LaunchScreen.storyboard */,
				A30D55B5236FD8B000BFEB19 /* Info.plist */,
			);
			path = MFallingWords;
			sourceTree = "<group>";
		};
		A30D55BD236FD8B000BFEB19 /* MFallingWordsTests */ = {
			isa = PBXGroup;
			children = (
				A30D55BE236FD8B000BFEB19 /* MFallingWordsTests.swift */,
				A30D55C0236FD8B000BFEB19 /* Info.plist */,
			);
			path = MFallingWordsTests;
			sourceTree = "<group>";
		};
		A30D55C8236FD8B000BFEB19 /* MFallingWordsUITests */ = {
			isa = PBXGroup;
			children = (
				A30D55C9236FD8B000BFEB19 /* MFallingWordsUITests.swift */,
				A30D55CB236FD8B000BFEB19 /* Info.plist */,
			);
			path = MFallingWordsUITests;
			sourceTree = "<group>";
		};
/* End PBXGroup section */

/* Begin PBXNativeTarget section */
		A30D55A3236FD8AF00BFEB19 /* MFallingWords */ = {
			isa = PBXNativeTarget;
			buildConfigurationList = A30D55CE236FD8B000BFEB19 /* Build configuration list for PBXNativeTarget "MFallingWords" */;
			buildPhases = (
				A30D55A0236FD8AF00BFEB19 /* Sources */,
				A30D55A1236FD8AF00BFEB19 /* Frameworks */,
				A30D55A2236FD8AF00BFEB19 /* Resources */,
			);
			buildRules = (
			);
			dependencies = (
			);
			name = MFallingWords;
			productName = MFallingWords;
			productReference = A30D55A4236FD8AF00BFEB19 /* MFallingWords.app */;
			productType = "com.apple.product-type.application";
		};
		A30D55B9236FD8B000BFEB19 /* MFallingWordsTests */ = {
			isa = PBXNativeTarget;
			buildConfigurationList = A30D55D1236FD8B000BFEB19 /* Build configuration list for PBXNativeTarget "MFallingWordsTests" */;
			buildPhases = (
				A30D55B6236FD8B000BFEB19 /* Sources */,
				A30D55B7236FD8B000BFEB19 /* Frameworks */,
				A30D55B8236FD8B000BFEB19 /* Resources */,
			);
			buildRules = (
			);
			dependencies = (
				A30D55BC236FD8B000BFEB19 /* PBXTargetDependency */,
			);
			name = MFallingWordsTests;
			productName = MFallingWordsTests;
			productReference = A30D55BA236FD8B000BFEB19 /* MFallingWordsTests.xctest */;
			productType = "com.apple.product-type.bundle.unit-test";
		};
		A30D55C4236FD8B000BFEB19 /* MFallingWordsUITests */ = {
			isa = PBXNativeTarget;
			buildConfigurationList = A30D55D4236FD8B000BFEB19 /* Build configuration list for PBXNativeTarget "MFallingWordsUITests" */;
			buildPhases = (
				A30D55C1236FD8B000BFEB19 /* Sources */,
				A30D55C2236FD8B000BFEB19 /* Frameworks */,
				A30D55C3236FD8B000BFEB19 /* Resources */,
			);
			buildRules = (
			);
			dependencies = (
				A30D55C7236FD8B000BFEB19 /* PBXTargetDependency */,
			);
			name = MFallingWordsUITests;
			productName = MFallingWordsUITests;
			productReference = A30D55C5236FD8B000BFEB19 /* MFallingWordsUITests.xctest */;
			productType = "com.apple.product-type.bundle.ui-testing";
		};
/* End PBXNativeTarget section */

/* Begin PBXProject section */
		A30D559C236FD8AF00BFEB19 /* Project object */ = {
			isa = PBXProject;
			attributes = {
				LastSwiftUpdateCheck = 1100;
				LastUpgradeCheck = 1100;
				ORGANIZATIONNAME = geekmk;
				TargetAttributes = {
					A30D55A3236FD8AF00BFEB19 = {
						CreatedOnToolsVersion = 11.0;
					};
					A30D55B9236FD8B000BFEB19 = {
						CreatedOnToolsVersion = 11.0;
						TestTargetID = A30D55A3236FD8AF00BFEB19;
					};
					A30D55C4236FD8B000BFEB19 = {
						CreatedOnToolsVersion = 11.0;
						TestTargetID = A30D55A3236FD8AF00BFEB19;
					};
				};
			};
			buildConfigurationList = A30D559F236FD8AF00BFEB19 /* Build configuration list for PBXProject "MFallingWords" */;
			compatibilityVersion = "Xcode 9.3";
			developmentRegion = en;
			hasScannedForEncodings = 0;
			knownRegions = (
				en,
				Base,
			);
			mainGroup = A30D559B236FD8AF00BFEB19;
			productRefGroup = A30D55A5236FD8AF00BFEB19 /* Products */;
			projectDirPath = "";
			projectRoot = "";
			targets = (
				A30D55A3236FD8AF00BFEB19 /* MFallingWords */,
				A30D55B9236FD8B000BFEB19 /* MFallingWordsTests */,
				A30D55C4236FD8B000BFEB19 /* MFallingWordsUITests */,
			);
		};
/* End PBXProject section */

/* Begin PBXResourcesBuildPhase section */
		A30D55A2236FD8AF00BFEB19 /* Resources */ = {
			isa = PBXResourcesBuildPhase;
			buildActionMask = 2147483647;
			files = (
				A30D55B4236FD8B000BFEB19 /* LaunchScreen.storyboard in Resources */,
				A30D55B1236FD8B000BFEB19 /* Assets.xcassets in Resources */,
				A30D55AF236FD8AF00BFEB19 /* Main.storyboard in Resources */,
			);
			runOnlyForDeploymentPostprocessing = 0;
		};
		A30D55B8236FD8B000BFEB19 /* Resources */ = {
			isa = PBXResourcesBuildPhase;
			buildActionMask = 2147483647;
			files = (
			);
			runOnlyForDeploymentPostprocessing = 0;
		};
		A30D55C3236FD8B000BFEB19 /* Resources */ = {
			isa = PBXResourcesBuildPhase;
			buildActionMask = 2147483647;
			files = (
			);
			runOnlyForDeploymentPostprocessing = 0;
		};
/* End PBXResourcesBuildPhase section */

/* Begin PBXSourcesBuildPhase section */
		A30D55A0236FD8AF00BFEB19 /* Sources */ = {
			isa = PBXSourcesBuildPhase;
			buildActionMask = 2147483647;
			files = (
				A30D55AC236FD8AF00BFEB19 /* ViewController.swift in Sources */,
				A30D55A8236FD8AF00BFEB19 /* AppDelegate.swift in Sources */,
				A30D55AA236FD8AF00BFEB19 /* SceneDelegate.swift in Sources */,
			);
			runOnlyForDeploymentPostprocessing = 0;
		};
		A30D55B6236FD8B000BFEB19 /* Sources */ = {
			isa = PBXSourcesBuildPhase;
			buildActionMask = 2147483647;
			files = (
				A30D55BF236FD8B000BFEB19 /* MFallingWordsTests.swift in Sources */,
			);
			runOnlyForDeploymentPostprocessing = 0;
		};
		A30D55C1236FD8B000BFEB19 /* Sources */ = {
			isa = PBXSourcesBuildPhase;
			buildActionMask = 2147483647;
			files = (
				A30D55CA236FD8B000BFEB19 /* MFallingWordsUITests.swift in Sources */,
			);
			runOnlyForDeploymentPostprocessing = 0;
		};
/* End PBXSourcesBuildPhase section */

/* Begin PBXTargetDependency section */
		A30D55BC236FD8B000BFEB19 /* PBXTargetDependency */ = {
			isa = PBXTargetDependency;
			target = A30D55A3236FD8AF00BFEB19 /* MFallingWords */;
			targetProxy = A30D55BB236FD8B000BFEB19 /* PBXContainerItemProxy */;
		};
		A30D55C7236FD8B000BFEB19 /* PBXTargetDependency */ = {
			isa = PBXTargetDependency;
			target = A30D55A3236FD8AF00BFEB19 /* MFallingWords */;
			targetProxy = A30D55C6236FD8B000BFEB19 /* PBXContainerItemProxy */;
		};
/* End PBXTargetDependency section */

/* Begin PBXVariantGroup section */
		A30D55AD236FD8AF00BFEB19 /* Main.storyboard */ = {
			isa = PBXVariantGroup;
			children = (
				A30D55AE236FD8AF00BFEB19 /* Base */,
			);
			name = Main.storyboard;
			sourceTree = "<group>";
		};
		A30D55B2236FD8B000BFEB19 /* LaunchScreen.storyboard */ = {
			isa = PBXVariantGroup;
			children = (
				A30D55B3236FD8B000BFEB19 /* Base */,
			);
			name = LaunchScreen.storyboard;
			sourceTree = "<group>";
		};
/* End PBXVariantGroup section */

/* Begin XCBuildConfiguration section */
		A30D55CC236FD8B000BFEB19 /* Debug */ = {
			isa = XCBuildConfiguration;
			buildSettings = {
				ALWAYS_SEARCH_USER_PATHS = NO;
				CLANG_ANALYZER_NONNULL = YES;
				CLANG_ANALYZER_NUMBER_OBJECT_CONVERSION = YES_AGGRESSIVE;
				CLANG_CXX_LANGUAGE_STANDARD = "gnu++14";
				CLANG_CXX_LIBRARY = "libc++";
				CLANG_ENABLE_MODULES = YES;
				CLANG_ENABLE_OBJC_ARC = YES;
				CLANG_ENABLE_OBJC_WEAK = YES;
				CLANG_WARN_BLOCK_CAPTURE_AUTORELEASING = YES;
				CLANG_WARN_BOOL_CONVERSION = YES;
				CLANG_WARN_COMMA = YES;
				CLANG_WARN_CONSTANT_CONVERSION = YES;
				CLANG_WARN_DEPRECATED_OBJC_IMPLEMENTATIONS = YES;
				CLANG_WARN_DIRECT_OBJC_ISA_USAGE = YES_ERROR;
				CLANG_WARN_DOCUMENTATION_COMMENTS = YES;
				CLANG_WARN_EMPTY_BODY = YES;
				CLANG_WARN_ENUM_CONVERSION = YES;
				CLANG_WARN_INFINITE_RECURSION = YES;
				CLANG_WARN_INT_CONVERSION = YES;
				CLANG_WARN_NON_LITERAL_NULL_CONVERSION = YES;
				CLANG_WARN_OBJC_IMPLICIT_RETAIN_SELF = YES;
				CLANG_WARN_OBJC_LITERAL_CONVERSION = YES;
				CLANG_WARN_OBJC_ROOT_CLASS = YES_ERROR;
				CLANG_WARN_RANGE_LOOP_ANALYSIS = YES;
				CLANG_WARN_STRICT_PROTOTYPES = YES;
				CLANG_WARN_SUSPICIOUS_MOVE = YES;
				CLANG_WARN_UNGUARDED_AVAILABILITY = YES_AGGRESSIVE;
				CLANG_WARN_UNREACHABLE_CODE = YES;
				CLANG_WARN__DUPLICATE_METHOD_MATCH = YES;
				COPY_PHASE_STRIP = NO;
				DEBUG_INFORMATION_FORMAT = dwarf;
				ENABLE_STRICT_OBJC_MSGSEND = YES;
				ENABLE_TESTABILITY = YES;
				GCC_C_LANGUAGE_STANDARD = gnu11;
				GCC_DYNAMIC_NO_PIC = NO;
				GCC_NO_COMMON_BLOCKS = YES;
				GCC_OPTIMIZATION_LEVEL = 0;
				GCC_PREPROCESSOR_DEFINITIONS = (
					"DEBUG=1",
					"$(inherited)",
				);
				GCC_WARN_64_TO_32_BIT_CONVERSION = YES;
				GCC_WARN_ABOUT_RETURN_TYPE = YES_ERROR;
				GCC_WARN_UNDECLARED_SELECTOR = YES;
				GCC_WARN_UNINITIALIZED_AUTOS = YES_AGGRESSIVE;
				GCC_WARN_UNUSED_FUNCTION = YES;
				GCC_WARN_UNUSED_VARIABLE = YES;
				IPHONEOS_DEPLOYMENT_TARGET = 13.0;
				MTL_ENABLE_DEBUG_INFO = INCLUDE_SOURCE;
				MTL_FAST_MATH = YES;
				ONLY_ACTIVE_ARCH = YES;
				SDKROOT = iphoneos;
				SWIFT_ACTIVE_COMPILATION_CONDITIONS = DEBUG;
				SWIFT_OPTIMIZATION_LEVEL = "-Onone";
			};
			name = Debug;
		};
		A30D55CD236FD8B000BFEB19 /* Release */ = {
			isa = XCBuildConfiguration;
			buildSettings = {
				ALWAYS_SEARCH_USER_PATHS = NO;
				CLANG_ANALYZER_NONNULL = YES;
				CLANG_ANALYZER_NUMBER_OBJECT_CONVERSION = YES_AGGRESSIVE;
				CLANG_CXX_LANGUAGE_STANDARD = "gnu++14";
				CLANG_CXX_LIBRARY = "libc++";
				CLANG_ENABLE_MODULES = YES;
				CLANG_ENABLE_OBJC_ARC = YES;
				CLANG_ENABLE_OBJC_WEAK = YES;
				CLANG_WARN_BLOCK_CAPTURE_AUTORELEASING = YES;
				CLANG_WARN_BOOL_CONVERSION = YES;
				CLANG_WARN_COMMA = YES;
				CLANG_WARN_CONSTANT_CONVERSION = YES;
				CLANG_WARN_DEPRECATED_OBJC_IMPLEMENTATIONS = YES;
				CLANG_WARN_DIRECT_OBJC_ISA_USAGE = YES_ERROR;
				CLANG_WARN_DOCUMENTATION_COMMENTS = YES;
				CLANG_WARN_EMPTY_BODY = YES;
				CLANG_WARN_ENUM_CONVERSION = YES;
				CLANG_WARN_INFINITE_RECURSION = YES;
				CLANG_WARN_INT_CONVERSION = YES;
				CLANG_WARN_NON_LITERAL_NULL_CONVERSION = YES;
				CLANG_WARN_OBJC_IMPLICIT_RETAIN_SELF = YES;
				CLANG_WARN_OBJC_LITERAL_CONVERSION = YES;
				CLANG_WARN_OBJC_ROOT_CLASS = YES_ERROR;
				CLANG_WARN_RANGE_LOOP_ANALYSIS = YES;
				CLANG_WARN_STRICT_PROTOTYPES = YES;
				CLANG_WARN_SUSPICIOUS_MOVE = YES;
				CLANG_WARN_UNGUARDED_AVAILABILITY = YES_AGGRESSIVE;
				CLANG_WARN_UNREACHABLE_CODE = YES;
				CLANG_WARN__DUPLICATE_METHOD_MATCH = YES;
				COPY_PHASE_STRIP = NO;
				DEBUG_INFORMATION_FORMAT = "dwarf-with-dsym";
				ENABLE_NS_ASSERTIONS = NO;
				ENABLE_STRICT_OBJC_MSGSEND = YES;
				GCC_C_LANGUAGE_STANDARD = gnu11;
				GCC_NO_COMMON_BLOCKS = YES;
				GCC_WARN_64_TO_32_BIT_CONVERSION = YES;
				GCC_WARN_ABOUT_RETURN_TYPE = YES_ERROR;
				GCC_WARN_UNDECLARED_SELECTOR = YES;
				GCC_WARN_UNINITIALIZED_AUTOS = YES_AGGRESSIVE;
				GCC_WARN_UNUSED_FUNCTION = YES;
				GCC_WARN_UNUSED_VARIABLE = YES;
				IPHONEOS_DEPLOYMENT_TARGET = 13.0;
				MTL_ENABLE_DEBUG_INFO = NO;
				MTL_FAST_MATH = YES;
				SDKROOT = iphoneos;
				SWIFT_COMPILATION_MODE = wholemodule;
				SWIFT_OPTIMIZATION_LEVEL = "-O";
				VALIDATE_PRODUCT = YES;
			};
			name = Release;
		};
		A30D55CF236FD8B000BFEB19 /* Debug */ = {
			isa = XCBuildConfiguration;
			buildSettings = {
				ASSETCATALOG_COMPILER_APPICON_NAME = AppIcon;
				CODE_SIGN_STYLE = Automatic;
				INFOPLIST_FILE = MFallingWords/Info.plist;
				LD_RUNPATH_SEARCH_PATHS = (
					"$(inherited)",
					"@executable_path/Frameworks",
				);
				PRODUCT_BUNDLE_IDENTIFIER = geekmk.MFallingWords;
				PRODUCT_NAME = "$(TARGET_NAME)";
				SWIFT_VERSION = 5.0;
				TARGETED_DEVICE_FAMILY = "1,2";
			};
			name = Debug;
		};
		A30D55D0236FD8B000BFEB19 /* Release */ = {
			isa = XCBuildConfiguration;
			buildSettings = {
				ASSETCATALOG_COMPILER_APPICON_NAME = AppIcon;
				CODE_SIGN_STYLE = Automatic;
				INFOPLIST_FILE = MFallingWords/Info.plist;
				LD_RUNPATH_SEARCH_PATHS = (
					"$(inherited)",
					"@executable_path/Frameworks",
				);
				PRODUCT_BUNDLE_IDENTIFIER = geekmk.MFallingWords;
				PRODUCT_NAME = "$(TARGET_NAME)";
				SWIFT_VERSION = 5.0;
				TARGETED_DEVICE_FAMILY = "1,2";
			};
			name = Release;
		};
		A30D55D2236FD8B000BFEB19 /* Debug */ = {
			isa = XCBuildConfiguration;
			buildSettings = {
				ALWAYS_EMBED_SWIFT_STANDARD_LIBRARIES = YES;
				BUNDLE_LOADER = "$(TEST_HOST)";
				CODE_SIGN_STYLE = Automatic;
				INFOPLIST_FILE = MFallingWordsTests/Info.plist;
				IPHONEOS_DEPLOYMENT_TARGET = 13.0;
				LD_RUNPATH_SEARCH_PATHS = (
					"$(inherited)",
					"@executable_path/Frameworks",
					"@loader_path/Frameworks",
				);
				PRODUCT_BUNDLE_IDENTIFIER = geekmk.MFallingWordsTests;
				PRODUCT_NAME = "$(TARGET_NAME)";
				SWIFT_VERSION = 5.0;
				TARGETED_DEVICE_FAMILY = "1,2";
				TEST_HOST = "$(BUILT_PRODUCTS_DIR)/MFallingWords.app/MFallingWords";
			};
			name = Debug;
		};
		A30D55D3236FD8B000BFEB19 /* Release */ = {
			isa = XCBuildConfiguration;
			buildSettings = {
				ALWAYS_EMBED_SWIFT_STANDARD_LIBRARIES = YES;
				BUNDLE_LOADER = "$(TEST_HOST)";
				CODE_SIGN_STYLE = Automatic;
				INFOPLIST_FILE = MFallingWordsTests/Info.plist;
				IPHONEOS_DEPLOYMENT_TARGET = 13.0;
				LD_RUNPATH_SEARCH_PATHS = (
					"$(inherited)",
					"@executable_path/Frameworks",
					"@loader_path/Frameworks",
				);
				PRODUCT_BUNDLE_IDENTIFIER = geekmk.MFallingWordsTests;
				PRODUCT_NAME = "$(TARGET_NAME)";
				SWIFT_VERSION = 5.0;
				TARGETED_DEVICE_FAMILY = "1,2";
				TEST_HOST = "$(BUILT_PRODUCTS_DIR)/MFallingWords.app/MFallingWords";
			};
			name = Release;
		};
		A30D55D5236FD8B000BFEB19 /* Debug */ = {
			isa = XCBuildConfiguration;
			buildSettings = {
				ALWAYS_EMBED_SWIFT_STANDARD_LIBRARIES = YES;
				CODE_SIGN_STYLE = Automatic;
				INFOPLIST_FILE = MFallingWordsUITests/Info.plist;
				LD_RUNPATH_SEARCH_PATHS = (
					"$(inherited)",
					"@executable_path/Frameworks",
					"@loader_path/Frameworks",
				);
				PRODUCT_BUNDLE_IDENTIFIER = geekmk.MFallingWordsUITests;
				PRODUCT_NAME = "$(TARGET_NAME)";
				SWIFT_VERSION = 5.0;
				TARGETED_DEVICE_FAMILY = "1,2";
				TEST_TARGET_NAME = MFallingWords;
			};
			name = Debug;
		};
		A30D55D6236FD8B000BFEB19 /* Release */ = {
			isa = XCBuildConfiguration;
			buildSettings = {
				ALWAYS_EMBED_SWIFT_STANDARD_LIBRARIES = YES;
				CODE_SIGN_STYLE = Automatic;
				INFOPLIST_FILE = MFallingWordsUITests/Info.plist;
				LD_RUNPATH_SEARCH_PATHS = (
					"$(inherited)",
					"@executable_path/Frameworks",
					"@loader_path/Frameworks",
				);
				PRODUCT_BUNDLE_IDENTIFIER = geekmk.MFallingWordsUITests;
				PRODUCT_NAME = "$(TARGET_NAME)";
				SWIFT_VERSION = 5.0;
				TARGETED_DEVICE_FAMILY = "1,2";
				TEST_TARGET_NAME = MFallingWords;
			};
			name = Release;
		};
/* End XCBuildConfiguration section */

/* Begin XCConfigurationList section */
		A30D559F236FD8AF00BFEB19 /* Build configuration list for PBXProject "MFallingWords" */ = {
			isa = XCConfigurationList;
			buildConfigurations = (
				A30D55CC236FD8B000BFEB19 /* Debug */,
				A30D55CD236FD8B000BFEB19 /* Release */,
			);
			defaultConfigurationIsVisible = 0;
			defaultConfigurationName = Release;
		};
		A30D55CE236FD8B000BFEB19 /* Build configuration list for PBXNativeTarget "MFallingWords" */ = {
			isa = XCConfigurationList;
			buildConfigurations = (
				A30D55CF236FD8B000BFEB19 /* Debug */,
				A30D55D0236FD8B000BFEB19 /* Release */,
			);
			defaultConfigurationIsVisible = 0;
			defaultConfigurationName = Release;
		};
		A30D55D1236FD8B000BFEB19 /* Build configuration list for PBXNativeTarget "MFallingWordsTests" */ = {
			isa = XCConfigurationList;
			buildConfigurations = (
				A30D55D2236FD8B000BFEB19 /* Debug */,
				A30D55D3236FD8B000BFEB19 /* Release */,
			);
			defaultConfigurationIsVisible = 0;
			defaultConfigurationName = Release;
		};
		A30D55D4236FD8B000BFEB19 /* Build configuration list for PBXNativeTarget "MFallingWordsUITests" */ = {
			isa = XCConfigurationList;
			buildConfigurations = (
				A30D55D5236FD8B000BFEB19 /* Debug */,
				A30D55D6236FD8B000BFEB19 /* Release */,
			);
			defaultConfigurationIsVisible = 0;
			defaultConfigurationName = Release;
		};
/* End XCConfigurationList section */
	};
	rootObject = A30D559C236FD8AF00BFEB19 /* Project object */;
}
