// !$*UTF8*$!
{
	archiveVersion = 1;
	classes = {
	};
	objectVersion = 50;
	objects = {

/* Begin PBXBuildFile section */
		35FB0C09489AE28C53B5B806 /* Pods_MFallingWords.framework in Frameworks */ = {isa = PBXBuildFile; fileRef = 8D4025B8FCC5C3E9A98B2C33 /* Pods_MFallingWords.framework */; };
		3E2C66A66C59DACCD4E32FA9 /* Pods_MFallingWordsUITests.framework in Frameworks */ = {isa = PBXBuildFile; fileRef = 3274206C21E02E3E7680273B /* Pods_MFallingWordsUITests.framework */; };
		75F5AE6CD88FE0028476EF30 /* Pods_MFallingWordsTests.framework in Frameworks */ = {isa = PBXBuildFile; fileRef = 5989B359F82051947C28CE25 /* Pods_MFallingWordsTests.framework */; };
		A30D55A8236FD8AF00BFEB19 /* AppDelegate.swift in Sources */ = {isa = PBXBuildFile; fileRef = A30D55A7236FD8AF00BFEB19 /* AppDelegate.swift */; };
		A30D55AC236FD8AF00BFEB19 /* ViewController.swift in Sources */ = {isa = PBXBuildFile; fileRef = A30D55AB236FD8AF00BFEB19 /* ViewController.swift */; };
		A30D55AF236FD8AF00BFEB19 /* Main.storyboard in Resources */ = {isa = PBXBuildFile; fileRef = A30D55AD236FD8AF00BFEB19 /* Main.storyboard */; };
		A30D55B1236FD8B000BFEB19 /* Assets.xcassets in Resources */ = {isa = PBXBuildFile; fileRef = A30D55B0236FD8B000BFEB19 /* Assets.xcassets */; };
		A30D55B4236FD8B000BFEB19 /* LaunchScreen.storyboard in Resources */ = {isa = PBXBuildFile; fileRef = A30D55B2236FD8B000BFEB19 /* LaunchScreen.storyboard */; };
		A30D55BF236FD8B000BFEB19 /* MFallingWordsTests.swift in Sources */ = {isa = PBXBuildFile; fileRef = A30D55BE236FD8B000BFEB19 /* MFallingWordsTests.swift */; };
		A30D55CA236FD8B000BFEB19 /* MFallingWordsUITests.swift in Sources */ = {isa = PBXBuildFile; fileRef = A30D55C9236FD8B000BFEB19 /* MFallingWordsUITests.swift */; };
		A3239C56236FDE4300289335 /* SceneDelegate.swift in Sources */ = {isa = PBXBuildFile; fileRef = A3239C55236FDE4200289335 /* SceneDelegate.swift */; };
		A3267686236FE5D900D29398 /* words.json in Resources */ = {isa = PBXBuildFile; fileRef = A3267685236FE5D900D29398 /* words.json */; };
		A326768B236FE78600D29398 /* ViewModel.swift in Sources */ = {isa = PBXBuildFile; fileRef = A326768A236FE78600D29398 /* ViewModel.swift */; };
		A326768D236FE79700D29398 /* ViewIO.swift in Sources */ = {isa = PBXBuildFile; fileRef = A326768C236FE79700D29398 /* ViewIO.swift */; };
		A3267692236FE96900D29398 /* JSONWord.swift in Sources */ = {isa = PBXBuildFile; fileRef = A3267691236FE96900D29398 /* JSONWord.swift */; };
		A3267694236FE9D700D29398 /* LocalGameService.swift in Sources */ = {isa = PBXBuildFile; fileRef = A3267693236FE9D700D29398 /* LocalGameService.swift */; };
		A3267698236FEA3100D29398 /* GameService.swift in Sources */ = {isa = PBXBuildFile; fileRef = A3267697236FEA3100D29398 /* GameService.swift */; };
		A326769C236FEAD400D29398 /* DomainError.swift in Sources */ = {isa = PBXBuildFile; fileRef = A326769B236FEAD400D29398 /* DomainError.swift */; };
		A326769E236FEAFE00D29398 /* ErrorCase.swift in Sources */ = {isa = PBXBuildFile; fileRef = A326769D236FEAFE00D29398 /* ErrorCase.swift */; };
		A32676A0236FEBF300D29398 /* Game.swift in Sources */ = {isa = PBXBuildFile; fileRef = A326769F236FEBF300D29398 /* Game.swift */; };
		A32676A2236FEBF900D29398 /* Word.swift in Sources */ = {isa = PBXBuildFile; fileRef = A32676A1236FEBF900D29398 /* Word.swift */; };
		A32676A4236FEC0000D29398 /* Translation.swift in Sources */ = {isa = PBXBuildFile; fileRef = A32676A3236FEC0000D29398 /* Translation.swift */; };
/* End PBXBuildFile section */

/* Begin PBXContainerItemProxy section */
		A30D55BB236FD8B000BFEB19 /* PBXContainerItemProxy */ = {
			isa = PBXContainerItemProxy;
			containerPortal = A30D559C236FD8AF00BFEB19 /* Project object */;
			proxyType = 1;
			remoteGlobalIDString = A30D55A3236FD8AF00BFEB19;
			remoteInfo = MFallingWords;
		};
		A30D55C6236FD8B000BFEB19 /* PBXContainerItemProxy */ = {
			isa = PBXContainerItemProxy;
			containerPortal = A30D559C236FD8AF00BFEB19 /* Project object */;
			proxyType = 1;
			remoteGlobalIDString = A30D55A3236FD8AF00BFEB19;
			remoteInfo = MFallingWords;
		};
/* End PBXContainerItemProxy section */

/* Begin PBXFileReference section */
		2140BF47ECFFDD9612C3A7F6 /* Pods-MFallingWordsUITests.release.xcconfig */ = {isa = PBXFileReference; includeInIndex = 1; lastKnownFileType = text.xcconfig; name = "Pods-MFallingWordsUITests.release.xcconfig"; path = "Pods/Target Support Files/Pods-MFallingWordsUITests/Pods-MFallingWordsUITests.release.xcconfig"; sourceTree = "<group>"; };
		3274206C21E02E3E7680273B /* Pods_MFallingWordsUITests.framework */ = {isa = PBXFileReference; explicitFileType = wrapper.framework; includeInIndex = 0; path = Pods_MFallingWordsUITests.framework; sourceTree = BUILT_PRODUCTS_DIR; };
		5989B359F82051947C28CE25 /* Pods_MFallingWordsTests.framework */ = {isa = PBXFileReference; explicitFileType = wrapper.framework; includeInIndex = 0; path = Pods_MFallingWordsTests.framework; sourceTree = BUILT_PRODUCTS_DIR; };
		8D4025B8FCC5C3E9A98B2C33 /* Pods_MFallingWords.framework */ = {isa = PBXFileReference; explicitFileType = wrapper.framework; includeInIndex = 0; path = Pods_MFallingWords.framework; sourceTree = BUILT_PRODUCTS_DIR; };
		971785106A84651DC6666168 /* Pods-MFallingWordsTests.debug.xcconfig */ = {isa = PBXFileReference; includeInIndex = 1; lastKnownFileType = text.xcconfig; name = "Pods-MFallingWordsTests.debug.xcconfig"; path = "Pods/Target Support Files/Pods-MFallingWordsTests/Pods-MFallingWordsTests.debug.xcconfig"; sourceTree = "<group>"; };
		9DA6261473DA82C5325B97AB /* Pods-MFallingWords.release.xcconfig */ = {isa = PBXFileReference; includeInIndex = 1; lastKnownFileType = text.xcconfig; name = "Pods-MFallingWords.release.xcconfig"; path = "Pods/Target Support Files/Pods-MFallingWords/Pods-MFallingWords.release.xcconfig"; sourceTree = "<group>"; };
		A30D55A4236FD8AF00BFEB19 /* MFallingWords.app */ = {isa = PBXFileReference; explicitFileType = wrapper.application; includeInIndex = 0; path = MFallingWords.app; sourceTree = BUILT_PRODUCTS_DIR; };
		A30D55A7236FD8AF00BFEB19 /* AppDelegate.swift */ = {isa = PBXFileReference; lastKnownFileType = sourcecode.swift; path = AppDelegate.swift; sourceTree = "<group>"; };
		A30D55AB236FD8AF00BFEB19 /* ViewController.swift */ = {isa = PBXFileReference; lastKnownFileType = sourcecode.swift; path = ViewController.swift; sourceTree = "<group>"; };
		A30D55AE236FD8AF00BFEB19 /* Base */ = {isa = PBXFileReference; lastKnownFileType = file.storyboard; name = Base; path = Base.lproj/Main.storyboard; sourceTree = "<group>"; };
		A30D55B0236FD8B000BFEB19 /* Assets.xcassets */ = {isa = PBXFileReference; lastKnownFileType = folder.assetcatalog; path = Assets.xcassets; sourceTree = "<group>"; };
		A30D55B3236FD8B000BFEB19 /* Base */ = {isa = PBXFileReference; lastKnownFileType = file.storyboard; name = Base; path = Base.lproj/LaunchScreen.storyboard; sourceTree = "<group>"; };
		A30D55B5236FD8B000BFEB19 /* Info.plist */ = {isa = PBXFileReference; lastKnownFileType = text.plist.xml; path = Info.plist; sourceTree = "<group>"; };
		A30D55BA236FD8B000BFEB19 /* MFallingWordsTests.xctest */ = {isa = PBXFileReference; explicitFileType = wrapper.cfbundle; includeInIndex = 0; path = MFallingWordsTests.xctest; sourceTree = BUILT_PRODUCTS_DIR; };
		A30D55BE236FD8B000BFEB19 /* MFallingWordsTests.swift */ = {isa = PBXFileReference; lastKnownFileType = sourcecode.swift; path = MFallingWordsTests.swift; sourceTree = "<group>"; };
		A30D55C0236FD8B000BFEB19 /* Info.plist */ = {isa = PBXFileReference; lastKnownFileType = text.plist.xml; path = Info.plist; sourceTree = "<group>"; };
		A30D55C5236FD8B000BFEB19 /* MFallingWordsUITests.xctest */ = {isa = PBXFileReference; explicitFileType = wrapper.cfbundle; includeInIndex = 0; path = MFallingWordsUITests.xctest; sourceTree = BUILT_PRODUCTS_DIR; };
		A30D55C9236FD8B000BFEB19 /* MFallingWordsUITests.swift */ = {isa = PBXFileReference; lastKnownFileType = sourcecode.swift; path = MFallingWordsUITests.swift; sourceTree = "<group>"; };
		A30D55CB236FD8B000BFEB19 /* Info.plist */ = {isa = PBXFileReference; lastKnownFileType = text.plist.xml; path = Info.plist; sourceTree = "<group>"; };
		A3239C55236FDE4200289335 /* SceneDelegate.swift */ = {isa = PBXFileReference; fileEncoding = 4; lastKnownFileType = sourcecode.swift; path = SceneDelegate.swift; sourceTree = "<group>"; };
		A3267685236FE5D900D29398 /* words.json */ = {isa = PBXFileReference; fileEncoding = 4; lastKnownFileType = text.json; path = words.json; sourceTree = "<group>"; };
		A326768A236FE78600D29398 /* ViewModel.swift */ = {isa = PBXFileReference; lastKnownFileType = sourcecode.swift; path = ViewModel.swift; sourceTree = "<group>"; };
		A326768C236FE79700D29398 /* ViewIO.swift */ = {isa = PBXFileReference; lastKnownFileType = sourcecode.swift; path = ViewIO.swift; sourceTree = "<group>"; };
		A3267691236FE96900D29398 /* JSONWord.swift */ = {isa = PBXFileReference; lastKnownFileType = sourcecode.swift; path = JSONWord.swift; sourceTree = "<group>"; };
		A3267693236FE9D700D29398 /* LocalGameService.swift */ = {isa = PBXFileReference; lastKnownFileType = sourcecode.swift; path = LocalGameService.swift; sourceTree = "<group>"; };
		A3267697236FEA3100D29398 /* GameService.swift */ = {isa = PBXFileReference; lastKnownFileType = sourcecode.swift; path = GameService.swift; sourceTree = "<group>"; };
		A326769B236FEAD400D29398 /* DomainError.swift */ = {isa = PBXFileReference; lastKnownFileType = sourcecode.swift; path = DomainError.swift; sourceTree = "<group>"; };
		A326769D236FEAFE00D29398 /* ErrorCase.swift */ = {isa = PBXFileReference; lastKnownFileType = sourcecode.swift; path = ErrorCase.swift; sourceTree = "<group>"; };
		A326769F236FEBF300D29398 /* Game.swift */ = {isa = PBXFileReference; lastKnownFileType = sourcecode.swift; path = Game.swift; sourceTree = "<group>"; };
		A32676A1236FEBF900D29398 /* Word.swift */ = {isa = PBXFileReference; lastKnownFileType = sourcecode.swift; path = Word.swift; sourceTree = "<group>"; };
		A32676A3236FEC0000D29398 /* Translation.swift */ = {isa = PBXFileReference; lastKnownFileType = sourcecode.swift; path = Translation.swift; sourceTree = "<group>"; };
		AA6E50871567B87CD90383F1 /* Pods-MFallingWordsUITests.debug.xcconfig */ = {isa = PBXFileReference; includeInIndex = 1; lastKnownFileType = text.xcconfig; name = "Pods-MFallingWordsUITests.debug.xcconfig"; path = "Pods/Target Support Files/Pods-MFallingWordsUITests/Pods-MFallingWordsUITests.debug.xcconfig"; sourceTree = "<group>"; };
		D35E94FE8D38E9DB2D4EACE8 /* Pods-MFallingWordsTests.release.xcconfig */ = {isa = PBXFileReference; includeInIndex = 1; lastKnownFileType = text.xcconfig; name = "Pods-MFallingWordsTests.release.xcconfig"; path = "Pods/Target Support Files/Pods-MFallingWordsTests/Pods-MFallingWordsTests.release.xcconfig"; sourceTree = "<group>"; };
		F792EB24EACCB17590583EEE /* Pods-MFallingWords.debug.xcconfig */ = {isa = PBXFileReference; includeInIndex = 1; lastKnownFileType = text.xcconfig; name = "Pods-MFallingWords.debug.xcconfig"; path = "Pods/Target Support Files/Pods-MFallingWords/Pods-MFallingWords.debug.xcconfig"; sourceTree = "<group>"; };
/* End PBXFileReference section */

/* Begin PBXFrameworksBuildPhase section */
		A30D55A1236FD8AF00BFEB19 /* Frameworks */ = {
			isa = PBXFrameworksBuildPhase;
			buildActionMask = 2147483647;
			files = (
				35FB0C09489AE28C53B5B806 /* Pods_MFallingWords.framework in Frameworks */,
			);
			runOnlyForDeploymentPostprocessing = 0;
		};
		A30D55B7236FD8B000BFEB19 /* Frameworks */ = {
			isa = PBXFrameworksBuildPhase;
			buildActionMask = 2147483647;
			files = (
				75F5AE6CD88FE0028476EF30 /* Pods_MFallingWordsTests.framework in Frameworks */,
			);
			runOnlyForDeploymentPostprocessing = 0;
		};
		A30D55C2236FD8B000BFEB19 /* Frameworks */ = {
			isa = PBXFrameworksBuildPhase;
			buildActionMask = 2147483647;
			files = (
				3E2C66A66C59DACCD4E32FA9 /* Pods_MFallingWordsUITests.framework in Frameworks */,
			);
			runOnlyForDeploymentPostprocessing = 0;
		};
/* End PBXFrameworksBuildPhase section */

/* Begin PBXGroup section */
		A30D559B236FD8AF00BFEB19 = {
			isa = PBXGroup;
			children = (
				A30D55A6236FD8AF00BFEB19 /* MFallingWords */,
				A30D55BD236FD8B000BFEB19 /* MFallingWordsTests */,
				A30D55C8236FD8B000BFEB19 /* MFallingWordsUITests */,
				A30D55A5236FD8AF00BFEB19 /* Products */,
				D71A303686C656B1F3CF6372 /* Pods */,
				B41EAEA8E05F3ECFEEAF37D4 /* Frameworks */,
			);
			sourceTree = "<group>";
		};
		A30D55A5236FD8AF00BFEB19 /* Products */ = {
			isa = PBXGroup;
			children = (
				A30D55A4236FD8AF00BFEB19 /* MFallingWords.app */,
				A30D55BA236FD8B000BFEB19 /* MFallingWordsTests.xctest */,
				A30D55C5236FD8B000BFEB19 /* MFallingWordsUITests.xctest */,
			);
			name = Products;
			sourceTree = "<group>";
		};
		A30D55A6236FD8AF00BFEB19 /* MFallingWords */ = {
			isa = PBXGroup;
			children = (
				A326768E236FE94E00D29398 /* DataLayer */,
				A3267688236FE76B00D29398 /* ModelLayer */,
				A3267682236FE46400D29398 /* App */,
				A3267683236FE59A00D29398 /* ViewLayer */,
				A30D55AB236FD8AF00BFEB19 /* ViewController.swift */,
			);
			path = MFallingWords;
			sourceTree = "<group>";
		};
		A30D55BD236FD8B000BFEB19 /* MFallingWordsTests */ = {
			isa = PBXGroup;
			children = (
				A30D55BE236FD8B000BFEB19 /* MFallingWordsTests.swift */,
				A30D55C0236FD8B000BFEB19 /* Info.plist */,
			);
			path = MFallingWordsTests;
			sourceTree = "<group>";
		};
		A30D55C8236FD8B000BFEB19 /* MFallingWordsUITests */ = {
			isa = PBXGroup;
			children = (
				A30D55C9236FD8B000BFEB19 /* MFallingWordsUITests.swift */,
				A30D55CB236FD8B000BFEB19 /* Info.plist */,
			);
			path = MFallingWordsUITests;
			sourceTree = "<group>";
		};
		A3267682236FE46400D29398 /* App */ = {
			isa = PBXGroup;
			children = (
				A30D55B5236FD8B000BFEB19 /* Info.plist */,
				A3239C55236FDE4200289335 /* SceneDelegate.swift */,
				A30D55A7236FD8AF00BFEB19 /* AppDelegate.swift */,
			);
			path = App;
			sourceTree = "<group>";
		};
		A3267683236FE59A00D29398 /* ViewLayer */ = {
			isa = PBXGroup;
			children = (
				A3267687236FE5F800D29398 /* Layout */,
				A3267684236FE5BC00D29398 /* Resources */,
			);
			path = ViewLayer;
			sourceTree = "<group>";
		};
		A3267684236FE5BC00D29398 /* Resources */ = {
			isa = PBXGroup;
			children = (
				A3267685236FE5D900D29398 /* words.json */,
				A30D55B0236FD8B000BFEB19 /* Assets.xcassets */,
			);
			path = Resources;
			sourceTree = "<group>";
		};
		A3267687236FE5F800D29398 /* Layout */ = {
			isa = PBXGroup;
			children = (
				A30D55AD236FD8AF00BFEB19 /* Main.storyboard */,
				A30D55B2236FD8B000BFEB19 /* LaunchScreen.storyboard */,
			);
			path = Layout;
			sourceTree = "<group>";
		};
		A3267688236FE76B00D29398 /* ModelLayer */ = {
			isa = PBXGroup;
			children = (
				A3267695236FEA1E00D29398 /* Domain */,
				A3267689236FE77500D29398 /* Base */,
			);
			path = ModelLayer;
			sourceTree = "<group>";
		};
		A3267689236FE77500D29398 /* Base */ = {
			isa = PBXGroup;
			children = (
				A326768A236FE78600D29398 /* ViewModel.swift */,
				A326768C236FE79700D29398 /* ViewIO.swift */,
			);
			path = Base;
			sourceTree = "<group>";
		};
		A326768E236FE94E00D29398 /* DataLayer */ = {
			isa = PBXGroup;
			children = (
				A3267690236FE95E00D29398 /* Local */,
				A326768F236FE95700D29398 /* JSONEntity */,
			);
			path = DataLayer;
			sourceTree = "<group>";
		};
		A326768F236FE95700D29398 /* JSONEntity */ = {
			isa = PBXGroup;
			children = (
				A3267691236FE96900D29398 /* JSONWord.swift */,
			);
			path = JSONEntity;
			sourceTree = "<group>";
		};
		A3267690236FE95E00D29398 /* Local */ = {
			isa = PBXGroup;
			children = (
				A3267693236FE9D700D29398 /* LocalGameService.swift */,
			);
			path = Local;
			sourceTree = "<group>";
		};
		A3267695236FEA1E00D29398 /* Domain */ = {
			isa = PBXGroup;
			children = (
				A326769A236FEAC600D29398 /* Entity */,
				A3267699236FEAC100D29398 /* Error */,
				A3267696236FEA2700D29398 /* Services */,
			);
			path = Domain;
			sourceTree = "<group>";
		};
		A3267696236FEA2700D29398 /* Services */ = {
			isa = PBXGroup;
			children = (
				A3267697236FEA3100D29398 /* GameService.swift */,
			);
			path = Services;
			sourceTree = "<group>";
		};
		A3267699236FEAC100D29398 /* Error */ = {
			isa = PBXGroup;
			children = (
				A326769B236FEAD400D29398 /* DomainError.swift */,
				A326769D236FEAFE00D29398 /* ErrorCase.swift */,
			);
			path = Error;
			sourceTree = "<group>";
		};
		A326769A236FEAC600D29398 /* Entity */ = {
			isa = PBXGroup;
			children = (
				A326769F236FEBF300D29398 /* Game.swift */,
				A32676A1236FEBF900D29398 /* Word.swift */,
				A32676A3236FEC0000D29398 /* Translation.swift */,
			);
			path = Entity;
			sourceTree = "<group>";
		};
		B41EAEA8E05F3ECFEEAF37D4 /* Frameworks */ = {
			isa = PBXGroup;
			children = (
				8D4025B8FCC5C3E9A98B2C33 /* Pods_MFallingWords.framework */,
				5989B359F82051947C28CE25 /* Pods_MFallingWordsTests.framework */,
				3274206C21E02E3E7680273B /* Pods_MFallingWordsUITests.framework */,
			);
			name = Frameworks;
			sourceTree = "<group>";
		};
		D71A303686C656B1F3CF6372 /* Pods */ = {
			isa = PBXGroup;
			children = (
				F792EB24EACCB17590583EEE /* Pods-MFallingWords.debug.xcconfig */,
				9DA6261473DA82C5325B97AB /* Pods-MFallingWords.release.xcconfig */,
				971785106A84651DC6666168 /* Pods-MFallingWordsTests.debug.xcconfig */,
				D35E94FE8D38E9DB2D4EACE8 /* Pods-MFallingWordsTests.release.xcconfig */,
				AA6E50871567B87CD90383F1 /* Pods-MFallingWordsUITests.debug.xcconfig */,
				2140BF47ECFFDD9612C3A7F6 /* Pods-MFallingWordsUITests.release.xcconfig */,
			);
			name = Pods;
			sourceTree = "<group>";
		};
/* End PBXGroup section */

/* Begin PBXNativeTarget section */
		A30D55A3236FD8AF00BFEB19 /* MFallingWords */ = {
			isa = PBXNativeTarget;
			buildConfigurationList = A30D55CE236FD8B000BFEB19 /* Build configuration list for PBXNativeTarget "MFallingWords" */;
			buildPhases = (
				11D53115BFD4F1349583ED48 /* [CP] Check Pods Manifest.lock */,
				A30D55A0236FD8AF00BFEB19 /* Sources */,
				A30D55A1236FD8AF00BFEB19 /* Frameworks */,
				A30D55A2236FD8AF00BFEB19 /* Resources */,
				B7FA57AB8C95CB095E43ACDA /* [CP] Embed Pods Frameworks */,
			);
			buildRules = (
			);
			dependencies = (
			);
			name = MFallingWords;
			productName = MFallingWords;
			productReference = A30D55A4236FD8AF00BFEB19 /* MFallingWords.app */;
			productType = "com.apple.product-type.application";
		};
		A30D55B9236FD8B000BFEB19 /* MFallingWordsTests */ = {
			isa = PBXNativeTarget;
			buildConfigurationList = A30D55D1236FD8B000BFEB19 /* Build configuration list for PBXNativeTarget "MFallingWordsTests" */;
			buildPhases = (
				EC2737C1A7FA2135816980F1 /* [CP] Check Pods Manifest.lock */,
				A30D55B6236FD8B000BFEB19 /* Sources */,
				A30D55B7236FD8B000BFEB19 /* Frameworks */,
				A30D55B8236FD8B000BFEB19 /* Resources */,
			);
			buildRules = (
			);
			dependencies = (
				A30D55BC236FD8B000BFEB19 /* PBXTargetDependency */,
			);
			name = MFallingWordsTests;
			productName = MFallingWordsTests;
			productReference = A30D55BA236FD8B000BFEB19 /* MFallingWordsTests.xctest */;
			productType = "com.apple.product-type.bundle.unit-test";
		};
		A30D55C4236FD8B000BFEB19 /* MFallingWordsUITests */ = {
			isa = PBXNativeTarget;
			buildConfigurationList = A30D55D4236FD8B000BFEB19 /* Build configuration list for PBXNativeTarget "MFallingWordsUITests" */;
			buildPhases = (
				427A156612A939D16C87F5A6 /* [CP] Check Pods Manifest.lock */,
				A30D55C1236FD8B000BFEB19 /* Sources */,
				A30D55C2236FD8B000BFEB19 /* Frameworks */,
				A30D55C3236FD8B000BFEB19 /* Resources */,
			);
			buildRules = (
			);
			dependencies = (
				A30D55C7236FD8B000BFEB19 /* PBXTargetDependency */,
			);
			name = MFallingWordsUITests;
			productName = MFallingWordsUITests;
			productReference = A30D55C5236FD8B000BFEB19 /* MFallingWordsUITests.xctest */;
			productType = "com.apple.product-type.bundle.ui-testing";
		};
/* End PBXNativeTarget section */

/* Begin PBXProject section */
		A30D559C236FD8AF00BFEB19 /* Project object */ = {
			isa = PBXProject;
			attributes = {
				LastSwiftUpdateCheck = 1100;
				LastUpgradeCheck = 1100;
				ORGANIZATIONNAME = geekmk;
				TargetAttributes = {
					A30D55A3236FD8AF00BFEB19 = {
						CreatedOnToolsVersion = 11.0;
					};
					A30D55B9236FD8B000BFEB19 = {
						CreatedOnToolsVersion = 11.0;
						TestTargetID = A30D55A3236FD8AF00BFEB19;
					};
					A30D55C4236FD8B000BFEB19 = {
						CreatedOnToolsVersion = 11.0;
						TestTargetID = A30D55A3236FD8AF00BFEB19;
					};
				};
			};
			buildConfigurationList = A30D559F236FD8AF00BFEB19 /* Build configuration list for PBXProject "MFallingWords" */;
			compatibilityVersion = "Xcode 9.3";
			developmentRegion = en;
			hasScannedForEncodings = 0;
			knownRegions = (
				en,
				Base,
			);
			mainGroup = A30D559B236FD8AF00BFEB19;
			productRefGroup = A30D55A5236FD8AF00BFEB19 /* Products */;
			projectDirPath = "";
			projectRoot = "";
			targets = (
				A30D55A3236FD8AF00BFEB19 /* MFallingWords */,
				A30D55B9236FD8B000BFEB19 /* MFallingWordsTests */,
				A30D55C4236FD8B000BFEB19 /* MFallingWordsUITests */,
			);
		};
/* End PBXProject section */

/* Begin PBXResourcesBuildPhase section */
		A30D55A2236FD8AF00BFEB19 /* Resources */ = {
			isa = PBXResourcesBuildPhase;
			buildActionMask = 2147483647;
			files = (
				A30D55B4236FD8B000BFEB19 /* LaunchScreen.storyboard in Resources */,
				A3267686236FE5D900D29398 /* words.json in Resources */,
				A30D55B1236FD8B000BFEB19 /* Assets.xcassets in Resources */,
				A30D55AF236FD8AF00BFEB19 /* Main.storyboard in Resources */,
			);
			runOnlyForDeploymentPostprocessing = 0;
		};
		A30D55B8236FD8B000BFEB19 /* Resources */ = {
			isa = PBXResourcesBuildPhase;
			buildActionMask = 2147483647;
			files = (
			);
			runOnlyForDeploymentPostprocessing = 0;
		};
		A30D55C3236FD8B000BFEB19 /* Resources */ = {
			isa = PBXResourcesBuildPhase;
			buildActionMask = 2147483647;
			files = (
			);
			runOnlyForDeploymentPostprocessing = 0;
		};
/* End PBXResourcesBuildPhase section */

/* Begin PBXShellScriptBuildPhase section */
		11D53115BFD4F1349583ED48 /* [CP] Check Pods Manifest.lock */ = {
			isa = PBXShellScriptBuildPhase;
			buildActionMask = 2147483647;
			files = (
			);
			inputFileListPaths = (
			);
			inputPaths = (
				"${PODS_PODFILE_DIR_PATH}/Podfile.lock",
				"${PODS_ROOT}/Manifest.lock",
			);
			name = "[CP] Check Pods Manifest.lock";
			outputFileListPaths = (
			);
			outputPaths = (
				"$(DERIVED_FILE_DIR)/Pods-MFallingWords-checkManifestLockResult.txt",
			);
			runOnlyForDeploymentPostprocessing = 0;
			shellPath = /bin/sh;
			shellScript = "diff \"${PODS_PODFILE_DIR_PATH}/Podfile.lock\" \"${PODS_ROOT}/Manifest.lock\" > /dev/null\nif [ $? != 0 ] ; then\n    # print error to STDERR\n    echo \"error: The sandbox is not in sync with the Podfile.lock. Run 'pod install' or update your CocoaPods installation.\" >&2\n    exit 1\nfi\n# This output is used by Xcode 'outputs' to avoid re-running this script phase.\necho \"SUCCESS\" > \"${SCRIPT_OUTPUT_FILE_0}\"\n";
			showEnvVarsInLog = 0;
		};
		427A156612A939D16C87F5A6 /* [CP] Check Pods Manifest.lock */ = {
			isa = PBXShellScriptBuildPhase;
			buildActionMask = 2147483647;
			files = (
			);
			inputFileListPaths = (
			);
			inputPaths = (
				"${PODS_PODFILE_DIR_PATH}/Podfile.lock",
				"${PODS_ROOT}/Manifest.lock",
			);
			name = "[CP] Check Pods Manifest.lock";
			outputFileListPaths = (
			);
			outputPaths = (
				"$(DERIVED_FILE_DIR)/Pods-MFallingWordsUITests-checkManifestLockResult.txt",
			);
			runOnlyForDeploymentPostprocessing = 0;
			shellPath = /bin/sh;
			shellScript = "diff \"${PODS_PODFILE_DIR_PATH}/Podfile.lock\" \"${PODS_ROOT}/Manifest.lock\" > /dev/null\nif [ $? != 0 ] ; then\n    # print error to STDERR\n    echo \"error: The sandbox is not in sync with the Podfile.lock. Run 'pod install' or update your CocoaPods installation.\" >&2\n    exit 1\nfi\n# This output is used by Xcode 'outputs' to avoid re-running this script phase.\necho \"SUCCESS\" > \"${SCRIPT_OUTPUT_FILE_0}\"\n";
			showEnvVarsInLog = 0;
		};
		B7FA57AB8C95CB095E43ACDA /* [CP] Embed Pods Frameworks */ = {
			isa = PBXShellScriptBuildPhase;
			buildActionMask = 2147483647;
			files = (
			);
			inputFileListPaths = (
			);
			inputPaths = (
				"${SRCROOT}/Pods/Target Support Files/Pods-MFallingWords/Pods-MFallingWords-frameworks.sh",
				"${BUILT_PRODUCTS_DIR}/RxCocoa/RxCocoa.framework",
				"${BUILT_PRODUCTS_DIR}/RxRelay/RxRelay.framework",
				"${BUILT_PRODUCTS_DIR}/RxSwift/RxSwift.framework",
			);
			name = "[CP] Embed Pods Frameworks";
			outputFileListPaths = (
			);
			outputPaths = (
				"${TARGET_BUILD_DIR}/${FRAMEWORKS_FOLDER_PATH}/RxCocoa.framework",
				"${TARGET_BUILD_DIR}/${FRAMEWORKS_FOLDER_PATH}/RxRelay.framework",
				"${TARGET_BUILD_DIR}/${FRAMEWORKS_FOLDER_PATH}/RxSwift.framework",
			);
			runOnlyForDeploymentPostprocessing = 0;
			shellPath = /bin/sh;
			shellScript = "\"${SRCROOT}/Pods/Target Support Files/Pods-MFallingWords/Pods-MFallingWords-frameworks.sh\"\n";
			showEnvVarsInLog = 0;
		};
		EC2737C1A7FA2135816980F1 /* [CP] Check Pods Manifest.lock */ = {
			isa = PBXShellScriptBuildPhase;
			buildActionMask = 2147483647;
			files = (
			);
			inputFileListPaths = (
			);
			inputPaths = (
				"${PODS_PODFILE_DIR_PATH}/Podfile.lock",
				"${PODS_ROOT}/Manifest.lock",
			);
			name = "[CP] Check Pods Manifest.lock";
			outputFileListPaths = (
			);
			outputPaths = (
				"$(DERIVED_FILE_DIR)/Pods-MFallingWordsTests-checkManifestLockResult.txt",
			);
			runOnlyForDeploymentPostprocessing = 0;
			shellPath = /bin/sh;
			shellScript = "diff \"${PODS_PODFILE_DIR_PATH}/Podfile.lock\" \"${PODS_ROOT}/Manifest.lock\" > /dev/null\nif [ $? != 0 ] ; then\n    # print error to STDERR\n    echo \"error: The sandbox is not in sync with the Podfile.lock. Run 'pod install' or update your CocoaPods installation.\" >&2\n    exit 1\nfi\n# This output is used by Xcode 'outputs' to avoid re-running this script phase.\necho \"SUCCESS\" > \"${SCRIPT_OUTPUT_FILE_0}\"\n";
			showEnvVarsInLog = 0;
		};
/* End PBXShellScriptBuildPhase section */

/* Begin PBXSourcesBuildPhase section */
		A30D55A0236FD8AF00BFEB19 /* Sources */ = {
			isa = PBXSourcesBuildPhase;
			buildActionMask = 2147483647;
			files = (
				A30D55AC236FD8AF00BFEB19 /* ViewController.swift in Sources */,
				A30D55A8236FD8AF00BFEB19 /* AppDelegate.swift in Sources */,
				A3267694236FE9D700D29398 /* LocalGameService.swift in Sources */,
				A326768B236FE78600D29398 /* ViewModel.swift in Sources */,
				A3267692236FE96900D29398 /* JSONWord.swift in Sources */,
				A32676A4236FEC0000D29398 /* Translation.swift in Sources */,
				A32676A2236FEBF900D29398 /* Word.swift in Sources */,
				A3239C56236FDE4300289335 /* SceneDelegate.swift in Sources */,
				A32676A0236FEBF300D29398 /* Game.swift in Sources */,
				A326768D236FE79700D29398 /* ViewIO.swift in Sources */,
				A326769C236FEAD400D29398 /* DomainError.swift in Sources */,
				A326769E236FEAFE00D29398 /* ErrorCase.swift in Sources */,
				A3267698236FEA3100D29398 /* GameService.swift in Sources */,
			);
			runOnlyForDeploymentPostprocessing = 0;
		};
		A30D55B6236FD8B000BFEB19 /* Sources */ = {
			isa = PBXSourcesBuildPhase;
			buildActionMask = 2147483647;
			files = (
				A30D55BF236FD8B000BFEB19 /* MFallingWordsTests.swift in Sources */,
			);
			runOnlyForDeploymentPostprocessing = 0;
		};
		A30D55C1236FD8B000BFEB19 /* Sources */ = {
			isa = PBXSourcesBuildPhase;
			buildActionMask = 2147483647;
			files = (
				A30D55CA236FD8B000BFEB19 /* MFallingWordsUITests.swift in Sources */,
			);
			runOnlyForDeploymentPostprocessing = 0;
		};
/* End PBXSourcesBuildPhase section */

/* Begin PBXTargetDependency section */
		A30D55BC236FD8B000BFEB19 /* PBXTargetDependency */ = {
			isa = PBXTargetDependency;
			target = A30D55A3236FD8AF00BFEB19 /* MFallingWords */;
			targetProxy = A30D55BB236FD8B000BFEB19 /* PBXContainerItemProxy */;
		};
		A30D55C7236FD8B000BFEB19 /* PBXTargetDependency */ = {
			isa = PBXTargetDependency;
			target = A30D55A3236FD8AF00BFEB19 /* MFallingWords */;
			targetProxy = A30D55C6236FD8B000BFEB19 /* PBXContainerItemProxy */;
		};
/* End PBXTargetDependency section */

/* Begin PBXVariantGroup section */
		A30D55AD236FD8AF00BFEB19 /* Main.storyboard */ = {
			isa = PBXVariantGroup;
			children = (
				A30D55AE236FD8AF00BFEB19 /* Base */,
			);
			name = Main.storyboard;
			sourceTree = "<group>";
		};
		A30D55B2236FD8B000BFEB19 /* LaunchScreen.storyboard */ = {
			isa = PBXVariantGroup;
			children = (
				A30D55B3236FD8B000BFEB19 /* Base */,
			);
			name = LaunchScreen.storyboard;
			sourceTree = "<group>";
		};
/* End PBXVariantGroup section */

/* Begin XCBuildConfiguration section */
		A30D55CC236FD8B000BFEB19 /* Debug */ = {
			isa = XCBuildConfiguration;
			buildSettings = {
				ALWAYS_SEARCH_USER_PATHS = NO;
				CLANG_ANALYZER_NONNULL = YES;
				CLANG_ANALYZER_NUMBER_OBJECT_CONVERSION = YES_AGGRESSIVE;
				CLANG_CXX_LANGUAGE_STANDARD = "gnu++14";
				CLANG_CXX_LIBRARY = "libc++";
				CLANG_ENABLE_MODULES = YES;
				CLANG_ENABLE_OBJC_ARC = YES;
				CLANG_ENABLE_OBJC_WEAK = YES;
				CLANG_WARN_BLOCK_CAPTURE_AUTORELEASING = YES;
				CLANG_WARN_BOOL_CONVERSION = YES;
				CLANG_WARN_COMMA = YES;
				CLANG_WARN_CONSTANT_CONVERSION = YES;
				CLANG_WARN_DEPRECATED_OBJC_IMPLEMENTATIONS = YES;
				CLANG_WARN_DIRECT_OBJC_ISA_USAGE = YES_ERROR;
				CLANG_WARN_DOCUMENTATION_COMMENTS = YES;
				CLANG_WARN_EMPTY_BODY = YES;
				CLANG_WARN_ENUM_CONVERSION = YES;
				CLANG_WARN_INFINITE_RECURSION = YES;
				CLANG_WARN_INT_CONVERSION = YES;
				CLANG_WARN_NON_LITERAL_NULL_CONVERSION = YES;
				CLANG_WARN_OBJC_IMPLICIT_RETAIN_SELF = YES;
				CLANG_WARN_OBJC_LITERAL_CONVERSION = YES;
				CLANG_WARN_OBJC_ROOT_CLASS = YES_ERROR;
				CLANG_WARN_RANGE_LOOP_ANALYSIS = YES;
				CLANG_WARN_STRICT_PROTOTYPES = YES;
				CLANG_WARN_SUSPICIOUS_MOVE = YES;
				CLANG_WARN_UNGUARDED_AVAILABILITY = YES_AGGRESSIVE;
				CLANG_WARN_UNREACHABLE_CODE = YES;
				CLANG_WARN__DUPLICATE_METHOD_MATCH = YES;
				COPY_PHASE_STRIP = NO;
				DEBUG_INFORMATION_FORMAT = dwarf;
				ENABLE_STRICT_OBJC_MSGSEND = YES;
				ENABLE_TESTABILITY = YES;
				GCC_C_LANGUAGE_STANDARD = gnu11;
				GCC_DYNAMIC_NO_PIC = NO;
				GCC_NO_COMMON_BLOCKS = YES;
				GCC_OPTIMIZATION_LEVEL = 0;
				GCC_PREPROCESSOR_DEFINITIONS = (
					"DEBUG=1",
					"$(inherited)",
				);
				GCC_WARN_64_TO_32_BIT_CONVERSION = YES;
				GCC_WARN_ABOUT_RETURN_TYPE = YES_ERROR;
				GCC_WARN_UNDECLARED_SELECTOR = YES;
				GCC_WARN_UNINITIALIZED_AUTOS = YES_AGGRESSIVE;
				GCC_WARN_UNUSED_FUNCTION = YES;
				GCC_WARN_UNUSED_VARIABLE = YES;
				IPHONEOS_DEPLOYMENT_TARGET = 13.0;
				MTL_ENABLE_DEBUG_INFO = INCLUDE_SOURCE;
				MTL_FAST_MATH = YES;
				ONLY_ACTIVE_ARCH = YES;
				SDKROOT = iphoneos;
				SWIFT_ACTIVE_COMPILATION_CONDITIONS = DEBUG;
				SWIFT_OPTIMIZATION_LEVEL = "-Onone";
			};
			name = Debug;
		};
		A30D55CD236FD8B000BFEB19 /* Release */ = {
			isa = XCBuildConfiguration;
			buildSettings = {
				ALWAYS_SEARCH_USER_PATHS = NO;
				CLANG_ANALYZER_NONNULL = YES;
				CLANG_ANALYZER_NUMBER_OBJECT_CONVERSION = YES_AGGRESSIVE;
				CLANG_CXX_LANGUAGE_STANDARD = "gnu++14";
				CLANG_CXX_LIBRARY = "libc++";
				CLANG_ENABLE_MODULES = YES;
				CLANG_ENABLE_OBJC_ARC = YES;
				CLANG_ENABLE_OBJC_WEAK = YES;
				CLANG_WARN_BLOCK_CAPTURE_AUTORELEASING = YES;
				CLANG_WARN_BOOL_CONVERSION = YES;
				CLANG_WARN_COMMA = YES;
				CLANG_WARN_CONSTANT_CONVERSION = YES;
				CLANG_WARN_DEPRECATED_OBJC_IMPLEMENTATIONS = YES;
				CLANG_WARN_DIRECT_OBJC_ISA_USAGE = YES_ERROR;
				CLANG_WARN_DOCUMENTATION_COMMENTS = YES;
				CLANG_WARN_EMPTY_BODY = YES;
				CLANG_WARN_ENUM_CONVERSION = YES;
				CLANG_WARN_INFINITE_RECURSION = YES;
				CLANG_WARN_INT_CONVERSION = YES;
				CLANG_WARN_NON_LITERAL_NULL_CONVERSION = YES;
				CLANG_WARN_OBJC_IMPLICIT_RETAIN_SELF = YES;
				CLANG_WARN_OBJC_LITERAL_CONVERSION = YES;
				CLANG_WARN_OBJC_ROOT_CLASS = YES_ERROR;
				CLANG_WARN_RANGE_LOOP_ANALYSIS = YES;
				CLANG_WARN_STRICT_PROTOTYPES = YES;
				CLANG_WARN_SUSPICIOUS_MOVE = YES;
				CLANG_WARN_UNGUARDED_AVAILABILITY = YES_AGGRESSIVE;
				CLANG_WARN_UNREACHABLE_CODE = YES;
				CLANG_WARN__DUPLICATE_METHOD_MATCH = YES;
				COPY_PHASE_STRIP = NO;
				DEBUG_INFORMATION_FORMAT = "dwarf-with-dsym";
				ENABLE_NS_ASSERTIONS = NO;
				ENABLE_STRICT_OBJC_MSGSEND = YES;
				GCC_C_LANGUAGE_STANDARD = gnu11;
				GCC_NO_COMMON_BLOCKS = YES;
				GCC_WARN_64_TO_32_BIT_CONVERSION = YES;
				GCC_WARN_ABOUT_RETURN_TYPE = YES_ERROR;
				GCC_WARN_UNDECLARED_SELECTOR = YES;
				GCC_WARN_UNINITIALIZED_AUTOS = YES_AGGRESSIVE;
				GCC_WARN_UNUSED_FUNCTION = YES;
				GCC_WARN_UNUSED_VARIABLE = YES;
				IPHONEOS_DEPLOYMENT_TARGET = 13.0;
				MTL_ENABLE_DEBUG_INFO = NO;
				MTL_FAST_MATH = YES;
				SDKROOT = iphoneos;
				SWIFT_COMPILATION_MODE = wholemodule;
				SWIFT_OPTIMIZATION_LEVEL = "-O";
				VALIDATE_PRODUCT = YES;
			};
			name = Release;
		};
		A30D55CF236FD8B000BFEB19 /* Debug */ = {
			isa = XCBuildConfiguration;
			baseConfigurationReference = F792EB24EACCB17590583EEE /* Pods-MFallingWords.debug.xcconfig */;
			buildSettings = {
				ASSETCATALOG_COMPILER_APPICON_NAME = AppIcon;
				CODE_SIGN_STYLE = Automatic;
				INFOPLIST_FILE = MFallingWords/App/Info.plist;
				LD_RUNPATH_SEARCH_PATHS = (
					"$(inherited)",
					"@executable_path/Frameworks",
				);
				PRODUCT_BUNDLE_IDENTIFIER = geekmk.MFallingWords;
				PRODUCT_NAME = "$(TARGET_NAME)";
				SWIFT_VERSION = 5.0;
				TARGETED_DEVICE_FAMILY = "1,2";
			};
			name = Debug;
		};
		A30D55D0236FD8B000BFEB19 /* Release */ = {
			isa = XCBuildConfiguration;
			baseConfigurationReference = 9DA6261473DA82C5325B97AB /* Pods-MFallingWords.release.xcconfig */;
			buildSettings = {
				ASSETCATALOG_COMPILER_APPICON_NAME = AppIcon;
				CODE_SIGN_STYLE = Automatic;
				INFOPLIST_FILE = MFallingWords/App/Info.plist;
				LD_RUNPATH_SEARCH_PATHS = (
					"$(inherited)",
					"@executable_path/Frameworks",
				);
				PRODUCT_BUNDLE_IDENTIFIER = geekmk.MFallingWords;
				PRODUCT_NAME = "$(TARGET_NAME)";
				SWIFT_VERSION = 5.0;
				TARGETED_DEVICE_FAMILY = "1,2";
			};
			name = Release;
		};
		A30D55D2236FD8B000BFEB19 /* Debug */ = {
			isa = XCBuildConfiguration;
			baseConfigurationReference = 971785106A84651DC6666168 /* Pods-MFallingWordsTests.debug.xcconfig */;
			buildSettings = {
				ALWAYS_EMBED_SWIFT_STANDARD_LIBRARIES = YES;
				BUNDLE_LOADER = "$(TEST_HOST)";
				CODE_SIGN_STYLE = Automatic;
				INFOPLIST_FILE = MFallingWordsTests/Info.plist;
				IPHONEOS_DEPLOYMENT_TARGET = 13.0;
				LD_RUNPATH_SEARCH_PATHS = (
					"$(inherited)",
					"@executable_path/Frameworks",
					"@loader_path/Frameworks",
				);
				PRODUCT_BUNDLE_IDENTIFIER = geekmk.MFallingWordsTests;
				PRODUCT_NAME = "$(TARGET_NAME)";
				SWIFT_VERSION = 5.0;
				TARGETED_DEVICE_FAMILY = "1,2";
				TEST_HOST = "$(BUILT_PRODUCTS_DIR)/MFallingWords.app/MFallingWords";
			};
			name = Debug;
		};
		A30D55D3236FD8B000BFEB19 /* Release */ = {
			isa = XCBuildConfiguration;
			baseConfigurationReference = D35E94FE8D38E9DB2D4EACE8 /* Pods-MFallingWordsTests.release.xcconfig */;
			buildSettings = {
				ALWAYS_EMBED_SWIFT_STANDARD_LIBRARIES = YES;
				BUNDLE_LOADER = "$(TEST_HOST)";
				CODE_SIGN_STYLE = Automatic;
				INFOPLIST_FILE = MFallingWordsTests/Info.plist;
				IPHONEOS_DEPLOYMENT_TARGET = 13.0;
				LD_RUNPATH_SEARCH_PATHS = (
					"$(inherited)",
					"@executable_path/Frameworks",
					"@loader_path/Frameworks",
				);
				PRODUCT_BUNDLE_IDENTIFIER = geekmk.MFallingWordsTests;
				PRODUCT_NAME = "$(TARGET_NAME)";
				SWIFT_VERSION = 5.0;
				TARGETED_DEVICE_FAMILY = "1,2";
				TEST_HOST = "$(BUILT_PRODUCTS_DIR)/MFallingWords.app/MFallingWords";
			};
			name = Release;
		};
		A30D55D5236FD8B000BFEB19 /* Debug */ = {
			isa = XCBuildConfiguration;
			baseConfigurationReference = AA6E50871567B87CD90383F1 /* Pods-MFallingWordsUITests.debug.xcconfig */;
			buildSettings = {
				ALWAYS_EMBED_SWIFT_STANDARD_LIBRARIES = YES;
				CODE_SIGN_STYLE = Automatic;
				INFOPLIST_FILE = MFallingWordsUITests/Info.plist;
				LD_RUNPATH_SEARCH_PATHS = (
					"$(inherited)",
					"@executable_path/Frameworks",
					"@loader_path/Frameworks",
				);
				PRODUCT_BUNDLE_IDENTIFIER = geekmk.MFallingWordsUITests;
				PRODUCT_NAME = "$(TARGET_NAME)";
				SWIFT_VERSION = 5.0;
				TARGETED_DEVICE_FAMILY = "1,2";
				TEST_TARGET_NAME = MFallingWords;
			};
			name = Debug;
		};
		A30D55D6236FD8B000BFEB19 /* Release */ = {
			isa = XCBuildConfiguration;
			baseConfigurationReference = 2140BF47ECFFDD9612C3A7F6 /* Pods-MFallingWordsUITests.release.xcconfig */;
			buildSettings = {
				ALWAYS_EMBED_SWIFT_STANDARD_LIBRARIES = YES;
				CODE_SIGN_STYLE = Automatic;
				INFOPLIST_FILE = MFallingWordsUITests/Info.plist;
				LD_RUNPATH_SEARCH_PATHS = (
					"$(inherited)",
					"@executable_path/Frameworks",
					"@loader_path/Frameworks",
				);
				PRODUCT_BUNDLE_IDENTIFIER = geekmk.MFallingWordsUITests;
				PRODUCT_NAME = "$(TARGET_NAME)";
				SWIFT_VERSION = 5.0;
				TARGETED_DEVICE_FAMILY = "1,2";
				TEST_TARGET_NAME = MFallingWords;
			};
			name = Release;
		};
/* End XCBuildConfiguration section */

/* Begin XCConfigurationList section */
		A30D559F236FD8AF00BFEB19 /* Build configuration list for PBXProject "MFallingWords" */ = {
			isa = XCConfigurationList;
			buildConfigurations = (
				A30D55CC236FD8B000BFEB19 /* Debug */,
				A30D55CD236FD8B000BFEB19 /* Release */,
			);
			defaultConfigurationIsVisible = 0;
			defaultConfigurationName = Release;
		};
		A30D55CE236FD8B000BFEB19 /* Build configuration list for PBXNativeTarget "MFallingWords" */ = {
			isa = XCConfigurationList;
			buildConfigurations = (
				A30D55CF236FD8B000BFEB19 /* Debug */,
				A30D55D0236FD8B000BFEB19 /* Release */,
			);
			defaultConfigurationIsVisible = 0;
			defaultConfigurationName = Release;
		};
		A30D55D1236FD8B000BFEB19 /* Build configuration list for PBXNativeTarget "MFallingWordsTests" */ = {
			isa = XCConfigurationList;
			buildConfigurations = (
				A30D55D2236FD8B000BFEB19 /* Debug */,
				A30D55D3236FD8B000BFEB19 /* Release */,
			);
			defaultConfigurationIsVisible = 0;
			defaultConfigurationName = Release;
		};
		A30D55D4236FD8B000BFEB19 /* Build configuration list for PBXNativeTarget "MFallingWordsUITests" */ = {
			isa = XCConfigurationList;
			buildConfigurations = (
				A30D55D5236FD8B000BFEB19 /* Debug */,
				A30D55D6236FD8B000BFEB19 /* Release */,
			);
			defaultConfigurationIsVisible = 0;
			defaultConfigurationName = Release;
		};
/* End XCConfigurationList section */
	};
	rootObject = A30D559C236FD8AF00BFEB19 /* Project object */;
}
